
Microsoft Visual Studio Solution File, Format Version 12.00
# Visual Studio Version 17
VisualStudioVersion = 17.4.33213.308
MinimumVisualStudioVersion = 10.0.40219.1
Project("{FAE04EC0-301F-11D3-BF4B-00C04F79EFBC}") = "DadosPessoa", "DadosPessoa\DadosPessoa.csproj", "{04E492A8-C425-4998-AE56-0696454D5FE3}"
EndProject
Global
	GlobalSection(SolutionConfigurationPlatforms) = preSolution
		Debug|Any CPU = Debug|Any CPU
		Release|Any CPU = Release|Any CPU
	EndGlobalSection
	GlobalSection(ProjectConfigurationPlatforms) = postSolution
		{04E492A8-C425-4998-AE56-0696454D5FE3}.Debug|Any CPU.ActiveCfg = Debug|Any CPU
		{04E492A8-C425-4998-AE56-0696454D5FE3}.Debug|Any CPU.Build.0 = Debug|Any CPU
		{04E492A8-C425-4998-AE56-0696454D5FE3}.Release|Any CPU.ActiveCfg = Release|Any CPU
		{04E492A8-C425-4998-AE56-0696454D5FE3}.Release|Any CPU.Build.0 = Release|Any CPU
	EndGlobalSection
	GlobalSection(SolutionProperties) = preSolution
		HideSolutionNode = FALSE
	EndGlobalSection
	GlobalSection(ExtensibilityGlobals) = postSolution
		SolutionGuid = {62A7BDED-F440-4BFD-9685-75DCFE4EAC94}
	EndGlobalSection
EndGlobal
